// !$*UTF8*$!
{
	archiveVersion = 1;
	classes = {
	};
	objectVersion = 55;
	objects = {

/* Begin PBXBuildFile section */
		D82E7D7C28826C5C006750A3 /* MockData.swift in Sources */ = {isa = PBXBuildFile; fileRef = D82E7D7B28826C5C006750A3 /* MockData.swift */; };
		D82E7D7E288276C0006750A3 /* TournamentProgressView.swift in Sources */ = {isa = PBXBuildFile; fileRef = D82E7D7D288276C0006750A3 /* TournamentProgressView.swift */; };
		D86187792878DC4800553E5D /* ChampionApp.swift in Sources */ = {isa = PBXBuildFile; fileRef = D86187782878DC4800553E5D /* ChampionApp.swift */; };
		D861877B2878DC4800553E5D /* ContentView.swift in Sources */ = {isa = PBXBuildFile; fileRef = D861877A2878DC4800553E5D /* ContentView.swift */; };
		D861877D2878DC4900553E5D /* Assets.xcassets in Resources */ = {isa = PBXBuildFile; fileRef = D861877C2878DC4900553E5D /* Assets.xcassets */; };
		D86187802878DC4900553E5D /* Preview Assets.xcassets in Resources */ = {isa = PBXBuildFile; fileRef = D861877F2878DC4900553E5D /* Preview Assets.xcassets */; };
		D861878A2878DC4900553E5D /* ChampionTests.swift in Sources */ = {isa = PBXBuildFile; fileRef = D86187892878DC4900553E5D /* ChampionTests.swift */; };
		D86187942878DC4900553E5D /* ChampionUITests.swift in Sources */ = {isa = PBXBuildFile; fileRef = D86187932878DC4900553E5D /* ChampionUITests.swift */; };
		D86187962878DC4900553E5D /* ChampionUITestsLaunchTests.swift in Sources */ = {isa = PBXBuildFile; fileRef = D86187952878DC4900553E5D /* ChampionUITestsLaunchTests.swift */; };
		D86187A62878DDFC00553E5D /* Model.swift in Sources */ = {isa = PBXBuildFile; fileRef = D86187A52878DDFC00553E5D /* Model.swift */; };
		D86187A82878E98900553E5D /* MockTournamentRepository.swift in Sources */ = {isa = PBXBuildFile; fileRef = D86187A72878E98900553E5D /* MockTournamentRepository.swift */; };
		D86187AA2878E9A400553E5D /* TournamentRepository.swift in Sources */ = {isa = PBXBuildFile; fileRef = D86187A92878E9A400553E5D /* TournamentRepository.swift */; };
		D86187AD2878ED6600553E5D /* IdUtils.swift in Sources */ = {isa = PBXBuildFile; fileRef = D86187AC2878ED6600553E5D /* IdUtils.swift */; };
		D86187AF2879B59C00553E5D /* DateUtils.swift in Sources */ = {isa = PBXBuildFile; fileRef = D86187AE2879B59C00553E5D /* DateUtils.swift */; };
		D86187B12879B81C00553E5D /* ChampionError.swift in Sources */ = {isa = PBXBuildFile; fileRef = D86187B02879B81C00553E5D /* ChampionError.swift */; };
		D86187B32879BF9500553E5D /* EnvironmentValues.swift in Sources */ = {isa = PBXBuildFile; fileRef = D86187B22879BF9500553E5D /* EnvironmentValues.swift */; };
		D86187BB2879C7AF00553E5D /* TournamentsListView.swift in Sources */ = {isa = PBXBuildFile; fileRef = D86187BA2879C7AF00553E5D /* TournamentsListView.swift */; };
		D86187BD2879CC5800553E5D /* TournamentDetailView.swift in Sources */ = {isa = PBXBuildFile; fileRef = D86187BC2879CC5800553E5D /* TournamentDetailView.swift */; };
		D86187BF2879DB7000553E5D /* DesignValues.swift in Sources */ = {isa = PBXBuildFile; fileRef = D86187BE2879DB7000553E5D /* DesignValues.swift */; };
		D86187C1287A21E900553E5D /* MatchesView.swift in Sources */ = {isa = PBXBuildFile; fileRef = D86187C0287A21E900553E5D /* MatchesView.swift */; };
		D86187C4287A222700553E5D /* PageSection.swift in Sources */ = {isa = PBXBuildFile; fileRef = D86187C3287A222700553E5D /* PageSection.swift */; };
		D86187C6287A4F9F00553E5D /* AddEditTournamentView.swift in Sources */ = {isa = PBXBuildFile; fileRef = D86187C5287A4F9F00553E5D /* AddEditTournamentView.swift */; };
		D86187C8287B245A00553E5D /* AddParticipantView.swift in Sources */ = {isa = PBXBuildFile; fileRef = D86187C7287B245A00553E5D /* AddParticipantView.swift */; };
		D88CFE212882903A0061BC74 /* MatchProgressView.swift in Sources */ = {isa = PBXBuildFile; fileRef = D88CFE202882903A0061BC74 /* MatchProgressView.swift */; };
		D88CFE232882913B0061BC74 /* LegsCellView.swift in Sources */ = {isa = PBXBuildFile; fileRef = D88CFE222882913B0061BC74 /* LegsCellView.swift */; };
		D88CFE25288296870061BC74 /* MatchLegProgressView.swift in Sources */ = {isa = PBXBuildFile; fileRef = D88CFE24288296870061BC74 /* MatchLegProgressView.swift */; };
		D8B84B3D2882990B00B06BA3 /* ScoreCellView.swift in Sources */ = {isa = PBXBuildFile; fileRef = D8B84B3C2882990B00B06BA3 /* ScoreCellView.swift */; };
		D8B84B3F28829A0E00B06BA3 /* GoalCellView.swift in Sources */ = {isa = PBXBuildFile; fileRef = D8B84B3E28829A0E00B06BA3 /* GoalCellView.swift */; };
		D8BD21B5287E52C40018F7D2 /* CreateEditMatchesView.swift in Sources */ = {isa = PBXBuildFile; fileRef = D8BD21B4287E52C40018F7D2 /* CreateEditMatchesView.swift */; };
		D8BD21B7287E5ADD0018F7D2 /* MatchCellView.swift in Sources */ = {isa = PBXBuildFile; fileRef = D8BD21B6287E5ADD0018F7D2 /* MatchCellView.swift */; };
		D8BD21B9287E5C3C0018F7D2 /* FixtureService.swift in Sources */ = {isa = PBXBuildFile; fileRef = D8BD21B8287E5C3C0018F7D2 /* FixtureService.swift */; };
/* End PBXBuildFile section */

/* Begin PBXContainerItemProxy section */
		D86187862878DC4900553E5D /* PBXContainerItemProxy */ = {
			isa = PBXContainerItemProxy;
			containerPortal = D861876D2878DC4800553E5D /* Project object */;
			proxyType = 1;
			remoteGlobalIDString = D86187742878DC4800553E5D;
			remoteInfo = Champion;
		};
		D86187902878DC4900553E5D /* PBXContainerItemProxy */ = {
			isa = PBXContainerItemProxy;
			containerPortal = D861876D2878DC4800553E5D /* Project object */;
			proxyType = 1;
			remoteGlobalIDString = D86187742878DC4800553E5D;
			remoteInfo = Champion;
		};
/* End PBXContainerItemProxy section */

/* Begin PBXFileReference section */
		D82E7D7B28826C5C006750A3 /* MockData.swift */ = {isa = PBXFileReference; lastKnownFileType = sourcecode.swift; path = MockData.swift; sourceTree = "<group>"; };
		D82E7D7D288276C0006750A3 /* TournamentProgressView.swift */ = {isa = PBXFileReference; lastKnownFileType = sourcecode.swift; path = TournamentProgressView.swift; sourceTree = "<group>"; };
		D86187752878DC4800553E5D /* Champion.app */ = {isa = PBXFileReference; explicitFileType = wrapper.application; includeInIndex = 0; path = Champion.app; sourceTree = BUILT_PRODUCTS_DIR; };
		D86187782878DC4800553E5D /* ChampionApp.swift */ = {isa = PBXFileReference; lastKnownFileType = sourcecode.swift; path = ChampionApp.swift; sourceTree = "<group>"; };
		D861877A2878DC4800553E5D /* ContentView.swift */ = {isa = PBXFileReference; lastKnownFileType = sourcecode.swift; path = ContentView.swift; sourceTree = "<group>"; };
		D861877C2878DC4900553E5D /* Assets.xcassets */ = {isa = PBXFileReference; lastKnownFileType = folder.assetcatalog; path = Assets.xcassets; sourceTree = "<group>"; };
		D861877F2878DC4900553E5D /* Preview Assets.xcassets */ = {isa = PBXFileReference; lastKnownFileType = folder.assetcatalog; path = "Preview Assets.xcassets"; sourceTree = "<group>"; };
		D86187852878DC4900553E5D /* ChampionTests.xctest */ = {isa = PBXFileReference; explicitFileType = wrapper.cfbundle; includeInIndex = 0; path = ChampionTests.xctest; sourceTree = BUILT_PRODUCTS_DIR; };
		D86187892878DC4900553E5D /* ChampionTests.swift */ = {isa = PBXFileReference; lastKnownFileType = sourcecode.swift; path = ChampionTests.swift; sourceTree = "<group>"; };
		D861878F2878DC4900553E5D /* ChampionUITests.xctest */ = {isa = PBXFileReference; explicitFileType = wrapper.cfbundle; includeInIndex = 0; path = ChampionUITests.xctest; sourceTree = BUILT_PRODUCTS_DIR; };
		D86187932878DC4900553E5D /* ChampionUITests.swift */ = {isa = PBXFileReference; lastKnownFileType = sourcecode.swift; path = ChampionUITests.swift; sourceTree = "<group>"; };
		D86187952878DC4900553E5D /* ChampionUITestsLaunchTests.swift */ = {isa = PBXFileReference; lastKnownFileType = sourcecode.swift; path = ChampionUITestsLaunchTests.swift; sourceTree = "<group>"; };
		D86187A52878DDFC00553E5D /* Model.swift */ = {isa = PBXFileReference; lastKnownFileType = sourcecode.swift; path = Model.swift; sourceTree = "<group>"; };
		D86187A72878E98900553E5D /* MockTournamentRepository.swift */ = {isa = PBXFileReference; lastKnownFileType = sourcecode.swift; path = MockTournamentRepository.swift; sourceTree = "<group>"; };
		D86187A92878E9A400553E5D /* TournamentRepository.swift */ = {isa = PBXFileReference; lastKnownFileType = sourcecode.swift; path = TournamentRepository.swift; sourceTree = "<group>"; };
		D86187AC2878ED6600553E5D /* IdUtils.swift */ = {isa = PBXFileReference; lastKnownFileType = sourcecode.swift; path = IdUtils.swift; sourceTree = "<group>"; };
		D86187AE2879B59C00553E5D /* DateUtils.swift */ = {isa = PBXFileReference; lastKnownFileType = sourcecode.swift; path = DateUtils.swift; sourceTree = "<group>"; };
		D86187B02879B81C00553E5D /* ChampionError.swift */ = {isa = PBXFileReference; lastKnownFileType = sourcecode.swift; path = ChampionError.swift; sourceTree = "<group>"; };
		D86187B22879BF9500553E5D /* EnvironmentValues.swift */ = {isa = PBXFileReference; lastKnownFileType = sourcecode.swift; path = EnvironmentValues.swift; sourceTree = "<group>"; };
		D86187BA2879C7AF00553E5D /* TournamentsListView.swift */ = {isa = PBXFileReference; lastKnownFileType = sourcecode.swift; path = TournamentsListView.swift; sourceTree = "<group>"; };
		D86187BC2879CC5800553E5D /* TournamentDetailView.swift */ = {isa = PBXFileReference; lastKnownFileType = sourcecode.swift; path = TournamentDetailView.swift; sourceTree = "<group>"; };
		D86187BE2879DB7000553E5D /* DesignValues.swift */ = {isa = PBXFileReference; lastKnownFileType = sourcecode.swift; path = DesignValues.swift; sourceTree = "<group>"; };
		D86187C0287A21E900553E5D /* MatchesView.swift */ = {isa = PBXFileReference; lastKnownFileType = sourcecode.swift; path = MatchesView.swift; sourceTree = "<group>"; };
		D86187C3287A222700553E5D /* PageSection.swift */ = {isa = PBXFileReference; lastKnownFileType = sourcecode.swift; path = PageSection.swift; sourceTree = "<group>"; };
		D86187C5287A4F9F00553E5D /* AddEditTournamentView.swift */ = {isa = PBXFileReference; lastKnownFileType = sourcecode.swift; path = AddEditTournamentView.swift; sourceTree = "<group>"; };
		D86187C7287B245A00553E5D /* AddParticipantView.swift */ = {isa = PBXFileReference; lastKnownFileType = sourcecode.swift; path = AddParticipantView.swift; sourceTree = "<group>"; };
		D88CFE202882903A0061BC74 /* MatchProgressView.swift */ = {isa = PBXFileReference; lastKnownFileType = sourcecode.swift; path = MatchProgressView.swift; sourceTree = "<group>"; };
		D88CFE222882913B0061BC74 /* LegsCellView.swift */ = {isa = PBXFileReference; lastKnownFileType = sourcecode.swift; path = LegsCellView.swift; sourceTree = "<group>"; };
		D88CFE24288296870061BC74 /* MatchLegProgressView.swift */ = {isa = PBXFileReference; lastKnownFileType = sourcecode.swift; path = MatchLegProgressView.swift; sourceTree = "<group>"; };
		D8B84B3C2882990B00B06BA3 /* ScoreCellView.swift */ = {isa = PBXFileReference; lastKnownFileType = sourcecode.swift; path = ScoreCellView.swift; sourceTree = "<group>"; };
		D8B84B3E28829A0E00B06BA3 /* GoalCellView.swift */ = {isa = PBXFileReference; lastKnownFileType = sourcecode.swift; path = GoalCellView.swift; sourceTree = "<group>"; };
		D8BD21B4287E52C40018F7D2 /* CreateEditMatchesView.swift */ = {isa = PBXFileReference; lastKnownFileType = sourcecode.swift; path = CreateEditMatchesView.swift; sourceTree = "<group>"; };
		D8BD21B6287E5ADD0018F7D2 /* MatchCellView.swift */ = {isa = PBXFileReference; lastKnownFileType = sourcecode.swift; path = MatchCellView.swift; sourceTree = "<group>"; };
		D8BD21B8287E5C3C0018F7D2 /* FixtureService.swift */ = {isa = PBXFileReference; lastKnownFileType = sourcecode.swift; path = FixtureService.swift; sourceTree = "<group>"; };
/* End PBXFileReference section */

/* Begin PBXFrameworksBuildPhase section */
		D86187722878DC4800553E5D /* Frameworks */ = {
			isa = PBXFrameworksBuildPhase;
			buildActionMask = 2147483647;
			files = (
			);
			runOnlyForDeploymentPostprocessing = 0;
		};
		D86187822878DC4900553E5D /* Frameworks */ = {
			isa = PBXFrameworksBuildPhase;
			buildActionMask = 2147483647;
			files = (
			);
			runOnlyForDeploymentPostprocessing = 0;
		};
		D861878C2878DC4900553E5D /* Frameworks */ = {
			isa = PBXFrameworksBuildPhase;
			buildActionMask = 2147483647;
			files = (
			);
			runOnlyForDeploymentPostprocessing = 0;
		};
/* End PBXFrameworksBuildPhase section */

/* Begin PBXGroup section */
		D82E7D7A28826C37006750A3 /* TestStuff */ = {
			isa = PBXGroup;
			children = (
				D82E7D7B28826C5C006750A3 /* MockData.swift */,
			);
			path = TestStuff;
			sourceTree = "<group>";
		};
		D861876C2878DC4800553E5D = {
			isa = PBXGroup;
			children = (
				D86187772878DC4800553E5D /* Champion */,
				D86187882878DC4900553E5D /* ChampionTests */,
				D86187922878DC4900553E5D /* ChampionUITests */,
				D86187762878DC4800553E5D /* Products */,
			);
			sourceTree = "<group>";
		};
		D86187762878DC4800553E5D /* Products */ = {
			isa = PBXGroup;
			children = (
				D86187752878DC4800553E5D /* Champion.app */,
				D86187852878DC4900553E5D /* ChampionTests.xctest */,
				D861878F2878DC4900553E5D /* ChampionUITests.xctest */,
			);
			name = Products;
			sourceTree = "<group>";
		};
		D86187772878DC4800553E5D /* Champion */ = {
			isa = PBXGroup;
			children = (
				D82E7D7A28826C37006750A3 /* TestStuff */,
				D86187A42878DDC800553E5D /* Models */,
				D86187A32878DD4700553E5D /* Repositories */,
				D86187AB2878ED4E00553E5D /* Services */,
				D86187A22878DD4000553E5D /* Views */,
				D86187782878DC4800553E5D /* ChampionApp.swift */,
				D861877A2878DC4800553E5D /* ContentView.swift */,
				D861877C2878DC4900553E5D /* Assets.xcassets */,
				D861877E2878DC4900553E5D /* Preview Content */,
			);
			path = Champion;
			sourceTree = "<group>";
		};
		D861877E2878DC4900553E5D /* Preview Content */ = {
			isa = PBXGroup;
			children = (
				D861877F2878DC4900553E5D /* Preview Assets.xcassets */,
			);
			path = "Preview Content";
			sourceTree = "<group>";
		};
		D86187882878DC4900553E5D /* ChampionTests */ = {
			isa = PBXGroup;
			children = (
				D86187892878DC4900553E5D /* ChampionTests.swift */,
			);
			path = ChampionTests;
			sourceTree = "<group>";
		};
		D86187922878DC4900553E5D /* ChampionUITests */ = {
			isa = PBXGroup;
			children = (
				D86187932878DC4900553E5D /* ChampionUITests.swift */,
				D86187952878DC4900553E5D /* ChampionUITestsLaunchTests.swift */,
			);
			path = ChampionUITests;
			sourceTree = "<group>";
		};
		D86187A22878DD4000553E5D /* Views */ = {
			isa = PBXGroup;
			children = (
				D86187C2287A221B00553E5D /* Components */,
				D86187BA2879C7AF00553E5D /* TournamentsListView.swift */,
				D86187BC2879CC5800553E5D /* TournamentDetailView.swift */,
				D86187C0287A21E900553E5D /* MatchesView.swift */,
				D86187C5287A4F9F00553E5D /* AddEditTournamentView.swift */,
				D86187C7287B245A00553E5D /* AddParticipantView.swift */,
				D8BD21B4287E52C40018F7D2 /* CreateEditMatchesView.swift */,
				D82E7D7D288276C0006750A3 /* TournamentProgressView.swift */,
				D88CFE202882903A0061BC74 /* MatchProgressView.swift */,
				D88CFE24288296870061BC74 /* MatchLegProgressView.swift */,
			);
			path = Views;
			sourceTree = "<group>";
		};
		D86187A32878DD4700553E5D /* Repositories */ = {
			isa = PBXGroup;
			children = (
				D86187A72878E98900553E5D /* MockTournamentRepository.swift */,
				D86187A92878E9A400553E5D /* TournamentRepository.swift */,
			);
			path = Repositories;
			sourceTree = "<group>";
		};
		D86187A42878DDC800553E5D /* Models */ = {
			isa = PBXGroup;
			children = (
				D86187A52878DDFC00553E5D /* Model.swift */,
				D86187B02879B81C00553E5D /* ChampionError.swift */,
				D86187B22879BF9500553E5D /* EnvironmentValues.swift */,
			);
			path = Models;
			sourceTree = "<group>";
		};
		D86187AB2878ED4E00553E5D /* Services */ = {
			isa = PBXGroup;
			children = (
				D86187AC2878ED6600553E5D /* IdUtils.swift */,
				D86187AE2879B59C00553E5D /* DateUtils.swift */,
				D86187BE2879DB7000553E5D /* DesignValues.swift */,
				D8BD21B8287E5C3C0018F7D2 /* FixtureService.swift */,
			);
			path = Services;
			sourceTree = "<group>";
		};
		D86187C2287A221B00553E5D /* Components */ = {
			isa = PBXGroup;
			children = (
				D86187C3287A222700553E5D /* PageSection.swift */,
				D8BD21B6287E5ADD0018F7D2 /* MatchCellView.swift */,
				D88CFE222882913B0061BC74 /* LegsCellView.swift */,
				D8B84B3C2882990B00B06BA3 /* ScoreCellView.swift */,
				D8B84B3E28829A0E00B06BA3 /* GoalCellView.swift */,
			);
			path = Components;
			sourceTree = "<group>";
		};
/* End PBXGroup section */

/* Begin PBXNativeTarget section */
		D86187742878DC4800553E5D /* Champion */ = {
			isa = PBXNativeTarget;
			buildConfigurationList = D86187992878DC4900553E5D /* Build configuration list for PBXNativeTarget "Champion" */;
			buildPhases = (
				D86187712878DC4800553E5D /* Sources */,
				D86187722878DC4800553E5D /* Frameworks */,
				D86187732878DC4800553E5D /* Resources */,
			);
			buildRules = (
			);
			dependencies = (
			);
			name = Champion;
			productName = Champion;
			productReference = D86187752878DC4800553E5D /* Champion.app */;
			productType = "com.apple.product-type.application";
		};
		D86187842878DC4900553E5D /* ChampionTests */ = {
			isa = PBXNativeTarget;
			buildConfigurationList = D861879C2878DC4900553E5D /* Build configuration list for PBXNativeTarget "ChampionTests" */;
			buildPhases = (
				D86187812878DC4900553E5D /* Sources */,
				D86187822878DC4900553E5D /* Frameworks */,
				D86187832878DC4900553E5D /* Resources */,
			);
			buildRules = (
			);
			dependencies = (
				D86187872878DC4900553E5D /* PBXTargetDependency */,
			);
			name = ChampionTests;
			productName = ChampionTests;
			productReference = D86187852878DC4900553E5D /* ChampionTests.xctest */;
			productType = "com.apple.product-type.bundle.unit-test";
		};
		D861878E2878DC4900553E5D /* ChampionUITests */ = {
			isa = PBXNativeTarget;
			buildConfigurationList = D861879F2878DC4900553E5D /* Build configuration list for PBXNativeTarget "ChampionUITests" */;
			buildPhases = (
				D861878B2878DC4900553E5D /* Sources */,
				D861878C2878DC4900553E5D /* Frameworks */,
				D861878D2878DC4900553E5D /* Resources */,
			);
			buildRules = (
			);
			dependencies = (
				D86187912878DC4900553E5D /* PBXTargetDependency */,
			);
			name = ChampionUITests;
			productName = ChampionUITests;
			productReference = D861878F2878DC4900553E5D /* ChampionUITests.xctest */;
			productType = "com.apple.product-type.bundle.ui-testing";
		};
/* End PBXNativeTarget section */

/* Begin PBXProject section */
		D861876D2878DC4800553E5D /* Project object */ = {
			isa = PBXProject;
			attributes = {
				BuildIndependentTargetsInParallel = 1;
				LastSwiftUpdateCheck = 1330;
				LastUpgradeCheck = 1330;
				TargetAttributes = {
					D86187742878DC4800553E5D = {
						CreatedOnToolsVersion = 13.3;
					};
					D86187842878DC4900553E5D = {
						CreatedOnToolsVersion = 13.3;
						TestTargetID = D86187742878DC4800553E5D;
					};
					D861878E2878DC4900553E5D = {
						CreatedOnToolsVersion = 13.3;
						TestTargetID = D86187742878DC4800553E5D;
					};
				};
			};
			buildConfigurationList = D86187702878DC4800553E5D /* Build configuration list for PBXProject "Champion" */;
			compatibilityVersion = "Xcode 13.0";
			developmentRegion = en;
			hasScannedForEncodings = 0;
			knownRegions = (
				en,
				Base,
			);
			mainGroup = D861876C2878DC4800553E5D;
			productRefGroup = D86187762878DC4800553E5D /* Products */;
			projectDirPath = "";
			projectRoot = "";
			targets = (
				D86187742878DC4800553E5D /* Champion */,
				D86187842878DC4900553E5D /* ChampionTests */,
				D861878E2878DC4900553E5D /* ChampionUITests */,
			);
		};
/* End PBXProject section */

/* Begin PBXResourcesBuildPhase section */
		D86187732878DC4800553E5D /* Resources */ = {
			isa = PBXResourcesBuildPhase;
			buildActionMask = 2147483647;
			files = (
				D86187802878DC4900553E5D /* Preview Assets.xcassets in Resources */,
				D861877D2878DC4900553E5D /* Assets.xcassets in Resources */,
			);
			runOnlyForDeploymentPostprocessing = 0;
		};
		D86187832878DC4900553E5D /* Resources */ = {
			isa = PBXResourcesBuildPhase;
			buildActionMask = 2147483647;
			files = (
			);
			runOnlyForDeploymentPostprocessing = 0;
		};
		D861878D2878DC4900553E5D /* Resources */ = {
			isa = PBXResourcesBuildPhase;
			buildActionMask = 2147483647;
			files = (
			);
			runOnlyForDeploymentPostprocessing = 0;
		};
/* End PBXResourcesBuildPhase section */

/* Begin PBXSourcesBuildPhase section */
		D86187712878DC4800553E5D /* Sources */ = {
			isa = PBXSourcesBuildPhase;
			buildActionMask = 2147483647;
			files = (
				D8B84B3D2882990B00B06BA3 /* ScoreCellView.swift in Sources */,
				D86187C6287A4F9F00553E5D /* AddEditTournamentView.swift in Sources */,
				D88CFE232882913B0061BC74 /* LegsCellView.swift in Sources */,
				D88CFE25288296870061BC74 /* MatchLegProgressView.swift in Sources */,
				D82E7D7E288276C0006750A3 /* TournamentProgressView.swift in Sources */,
				D86187A62878DDFC00553E5D /* Model.swift in Sources */,
				D86187AA2878E9A400553E5D /* TournamentRepository.swift in Sources */,
				D8BD21B9287E5C3C0018F7D2 /* FixtureService.swift in Sources */,
				D86187C1287A21E900553E5D /* MatchesView.swift in Sources */,
				D86187AD2878ED6600553E5D /* IdUtils.swift in Sources */,
				D86187BB2879C7AF00553E5D /* TournamentsListView.swift in Sources */,
				D8B84B3F28829A0E00B06BA3 /* GoalCellView.swift in Sources */,
				D86187C8287B245A00553E5D /* AddParticipantView.swift in Sources */,
				D861877B2878DC4800553E5D /* ContentView.swift in Sources */,
				D82E7D7C28826C5C006750A3 /* MockData.swift in Sources */,
				D88CFE212882903A0061BC74 /* MatchProgressView.swift in Sources */,
				D86187AF2879B59C00553E5D /* DateUtils.swift in Sources */,
				D86187A82878E98900553E5D /* MockTournamentRepository.swift in Sources */,
				D86187BF2879DB7000553E5D /* DesignValues.swift in Sources */,
				D86187BD2879CC5800553E5D /* TournamentDetailView.swift in Sources */,
				D8BD21B5287E52C40018F7D2 /* CreateEditMatchesView.swift in Sources */,
				D86187792878DC4800553E5D /* ChampionApp.swift in Sources */,
				D86187B32879BF9500553E5D /* EnvironmentValues.swift in Sources */,
				D86187C4287A222700553E5D /* PageSection.swift in Sources */,
				D8BD21B7287E5ADD0018F7D2 /* MatchCellView.swift in Sources */,
				D86187B12879B81C00553E5D /* ChampionError.swift in Sources */,
			);
			runOnlyForDeploymentPostprocessing = 0;
		};
		D86187812878DC4900553E5D /* Sources */ = {
			isa = PBXSourcesBuildPhase;
			buildActionMask = 2147483647;
			files = (
				D861878A2878DC4900553E5D /* ChampionTests.swift in Sources */,
			);
			runOnlyForDeploymentPostprocessing = 0;
		};
		D861878B2878DC4900553E5D /* Sources */ = {
			isa = PBXSourcesBuildPhase;
			buildActionMask = 2147483647;
			files = (
				D86187962878DC4900553E5D /* ChampionUITestsLaunchTests.swift in Sources */,
				D86187942878DC4900553E5D /* ChampionUITests.swift in Sources */,
			);
			runOnlyForDeploymentPostprocessing = 0;
		};
/* End PBXSourcesBuildPhase section */

/* Begin PBXTargetDependency section */
		D86187872878DC4900553E5D /* PBXTargetDependency */ = {
			isa = PBXTargetDependency;
			target = D86187742878DC4800553E5D /* Champion */;
			targetProxy = D86187862878DC4900553E5D /* PBXContainerItemProxy */;
		};
		D86187912878DC4900553E5D /* PBXTargetDependency */ = {
			isa = PBXTargetDependency;
			target = D86187742878DC4800553E5D /* Champion */;
			targetProxy = D86187902878DC4900553E5D /* PBXContainerItemProxy */;
		};
/* End PBXTargetDependency section */

/* Begin XCBuildConfiguration section */
		D86187972878DC4900553E5D /* Debug */ = {
			isa = XCBuildConfiguration;
			buildSettings = {
				ALWAYS_SEARCH_USER_PATHS = NO;
				CLANG_ANALYZER_NONNULL = YES;
				CLANG_ANALYZER_NUMBER_OBJECT_CONVERSION = YES_AGGRESSIVE;
				CLANG_CXX_LANGUAGE_STANDARD = "gnu++17";
				CLANG_ENABLE_MODULES = YES;
				CLANG_ENABLE_OBJC_ARC = YES;
				CLANG_ENABLE_OBJC_WEAK = YES;
				CLANG_WARN_BLOCK_CAPTURE_AUTORELEASING = YES;
				CLANG_WARN_BOOL_CONVERSION = YES;
				CLANG_WARN_COMMA = YES;
				CLANG_WARN_CONSTANT_CONVERSION = YES;
				CLANG_WARN_DEPRECATED_OBJC_IMPLEMENTATIONS = YES;
				CLANG_WARN_DIRECT_OBJC_ISA_USAGE = YES_ERROR;
				CLANG_WARN_DOCUMENTATION_COMMENTS = YES;
				CLANG_WARN_EMPTY_BODY = YES;
				CLANG_WARN_ENUM_CONVERSION = YES;
				CLANG_WARN_INFINITE_RECURSION = YES;
				CLANG_WARN_INT_CONVERSION = YES;
				CLANG_WARN_NON_LITERAL_NULL_CONVERSION = YES;
				CLANG_WARN_OBJC_IMPLICIT_RETAIN_SELF = YES;
				CLANG_WARN_OBJC_LITERAL_CONVERSION = YES;
				CLANG_WARN_OBJC_ROOT_CLASS = YES_ERROR;
				CLANG_WARN_QUOTED_INCLUDE_IN_FRAMEWORK_HEADER = YES;
				CLANG_WARN_RANGE_LOOP_ANALYSIS = YES;
				CLANG_WARN_STRICT_PROTOTYPES = YES;
				CLANG_WARN_SUSPICIOUS_MOVE = YES;
				CLANG_WARN_UNGUARDED_AVAILABILITY = YES_AGGRESSIVE;
				CLANG_WARN_UNREACHABLE_CODE = YES;
				CLANG_WARN__DUPLICATE_METHOD_MATCH = YES;
				COPY_PHASE_STRIP = NO;
				DEBUG_INFORMATION_FORMAT = dwarf;
				ENABLE_STRICT_OBJC_MSGSEND = YES;
				ENABLE_TESTABILITY = YES;
				GCC_C_LANGUAGE_STANDARD = gnu11;
				GCC_DYNAMIC_NO_PIC = NO;
				GCC_NO_COMMON_BLOCKS = YES;
				GCC_OPTIMIZATION_LEVEL = 0;
				GCC_PREPROCESSOR_DEFINITIONS = (
					"DEBUG=1",
					"$(inherited)",
				);
				GCC_WARN_64_TO_32_BIT_CONVERSION = YES;
				GCC_WARN_ABOUT_RETURN_TYPE = YES_ERROR;
				GCC_WARN_UNDECLARED_SELECTOR = YES;
				GCC_WARN_UNINITIALIZED_AUTOS = YES_AGGRESSIVE;
				GCC_WARN_UNUSED_FUNCTION = YES;
				GCC_WARN_UNUSED_VARIABLE = YES;
				IPHONEOS_DEPLOYMENT_TARGET = 15.4;
				MTL_ENABLE_DEBUG_INFO = INCLUDE_SOURCE;
				MTL_FAST_MATH = YES;
				ONLY_ACTIVE_ARCH = YES;
				SDKROOT = iphoneos;
				SWIFT_ACTIVE_COMPILATION_CONDITIONS = DEBUG;
				SWIFT_OPTIMIZATION_LEVEL = "-Onone";
			};
			name = Debug;
		};
		D86187982878DC4900553E5D /* Release */ = {
			isa = XCBuildConfiguration;
			buildSettings = {
				ALWAYS_SEARCH_USER_PATHS = NO;
				CLANG_ANALYZER_NONNULL = YES;
				CLANG_ANALYZER_NUMBER_OBJECT_CONVERSION = YES_AGGRESSIVE;
				CLANG_CXX_LANGUAGE_STANDARD = "gnu++17";
				CLANG_ENABLE_MODULES = YES;
				CLANG_ENABLE_OBJC_ARC = YES;
				CLANG_ENABLE_OBJC_WEAK = YES;
				CLANG_WARN_BLOCK_CAPTURE_AUTORELEASING = YES;
				CLANG_WARN_BOOL_CONVERSION = YES;
				CLANG_WARN_COMMA = YES;
				CLANG_WARN_CONSTANT_CONVERSION = YES;
				CLANG_WARN_DEPRECATED_OBJC_IMPLEMENTATIONS = YES;
				CLANG_WARN_DIRECT_OBJC_ISA_USAGE = YES_ERROR;
				CLANG_WARN_DOCUMENTATION_COMMENTS = YES;
				CLANG_WARN_EMPTY_BODY = YES;
				CLANG_WARN_ENUM_CONVERSION = YES;
				CLANG_WARN_INFINITE_RECURSION = YES;
				CLANG_WARN_INT_CONVERSION = YES;
				CLANG_WARN_NON_LITERAL_NULL_CONVERSION = YES;
				CLANG_WARN_OBJC_IMPLICIT_RETAIN_SELF = YES;
				CLANG_WARN_OBJC_LITERAL_CONVERSION = YES;
				CLANG_WARN_OBJC_ROOT_CLASS = YES_ERROR;
				CLANG_WARN_QUOTED_INCLUDE_IN_FRAMEWORK_HEADER = YES;
				CLANG_WARN_RANGE_LOOP_ANALYSIS = YES;
				CLANG_WARN_STRICT_PROTOTYPES = YES;
				CLANG_WARN_SUSPICIOUS_MOVE = YES;
				CLANG_WARN_UNGUARDED_AVAILABILITY = YES_AGGRESSIVE;
				CLANG_WARN_UNREACHABLE_CODE = YES;
				CLANG_WARN__DUPLICATE_METHOD_MATCH = YES;
				COPY_PHASE_STRIP = NO;
				DEBUG_INFORMATION_FORMAT = "dwarf-with-dsym";
				ENABLE_NS_ASSERTIONS = NO;
				ENABLE_STRICT_OBJC_MSGSEND = YES;
				GCC_C_LANGUAGE_STANDARD = gnu11;
				GCC_NO_COMMON_BLOCKS = YES;
				GCC_WARN_64_TO_32_BIT_CONVERSION = YES;
				GCC_WARN_ABOUT_RETURN_TYPE = YES_ERROR;
				GCC_WARN_UNDECLARED_SELECTOR = YES;
				GCC_WARN_UNINITIALIZED_AUTOS = YES_AGGRESSIVE;
				GCC_WARN_UNUSED_FUNCTION = YES;
				GCC_WARN_UNUSED_VARIABLE = YES;
				IPHONEOS_DEPLOYMENT_TARGET = 15.4;
				MTL_ENABLE_DEBUG_INFO = NO;
				MTL_FAST_MATH = YES;
				SDKROOT = iphoneos;
				SWIFT_COMPILATION_MODE = wholemodule;
				SWIFT_OPTIMIZATION_LEVEL = "-O";
				VALIDATE_PRODUCT = YES;
			};
			name = Release;
		};
		D861879A2878DC4900553E5D /* Debug */ = {
			isa = XCBuildConfiguration;
			buildSettings = {
				ASSETCATALOG_COMPILER_APPICON_NAME = AppIcon;
				ASSETCATALOG_COMPILER_GLOBAL_ACCENT_COLOR_NAME = AccentColor;
				CODE_SIGN_STYLE = Automatic;
				CURRENT_PROJECT_VERSION = 1;
				DEVELOPMENT_ASSET_PATHS = "\"Champion/Preview Content\"";
				DEVELOPMENT_TEAM = 3XYTQQG9R5;
				ENABLE_PREVIEWS = YES;
				GENERATE_INFOPLIST_FILE = YES;
				INFOPLIST_KEY_UIApplicationSceneManifest_Generation = YES;
				INFOPLIST_KEY_UIApplicationSupportsIndirectInputEvents = YES;
				INFOPLIST_KEY_UILaunchScreen_Generation = YES;
				INFOPLIST_KEY_UISupportedInterfaceOrientations = UIInterfaceOrientationPortrait;
				IPHONEOS_DEPLOYMENT_TARGET = 15.0;
				LD_RUNPATH_SEARCH_PATHS = (
					"$(inherited)",
					"@executable_path/Frameworks",
				);
				MARKETING_VERSION = 1.0;
				PRODUCT_BUNDLE_IDENTIFIER = com.pancholii.Champion;
				PRODUCT_NAME = "$(TARGET_NAME)";
				SWIFT_EMIT_LOC_STRINGS = YES;
				SWIFT_VERSION = 5.0;
				TARGETED_DEVICE_FAMILY = 1;
			};
			name = Debug;
		};
		D861879B2878DC4900553E5D /* Release */ = {
			isa = XCBuildConfiguration;
			buildSettings = {
				ASSETCATALOG_COMPILER_APPICON_NAME = AppIcon;
				ASSETCATALOG_COMPILER_GLOBAL_ACCENT_COLOR_NAME = AccentColor;
				CODE_SIGN_STYLE = Automatic;
				CURRENT_PROJECT_VERSION = 1;
				DEVELOPMENT_ASSET_PATHS = "\"Champion/Preview Content\"";
				DEVELOPMENT_TEAM = 3XYTQQG9R5;
				ENABLE_PREVIEWS = YES;
				GENERATE_INFOPLIST_FILE = YES;
				INFOPLIST_KEY_UIApplicationSceneManifest_Generation = YES;
				INFOPLIST_KEY_UIApplicationSupportsIndirectInputEvents = YES;
				INFOPLIST_KEY_UILaunchScreen_Generation = YES;
				INFOPLIST_KEY_UISupportedInterfaceOrientations = UIInterfaceOrientationPortrait;
				IPHONEOS_DEPLOYMENT_TARGET = 15.0;
				LD_RUNPATH_SEARCH_PATHS = (
					"$(inherited)",
					"@executable_path/Frameworks",
				);
				MARKETING_VERSION = 1.0;
				PRODUCT_BUNDLE_IDENTIFIER = com.pancholii.Champion;
				PRODUCT_NAME = "$(TARGET_NAME)";
				SWIFT_EMIT_LOC_STRINGS = YES;
				SWIFT_VERSION = 5.0;
				TARGETED_DEVICE_FAMILY = 1;
			};
			name = Release;
		};
		D861879D2878DC4900553E5D /* Debug */ = {
			isa = XCBuildConfiguration;
			buildSettings = {
				ALWAYS_EMBED_SWIFT_STANDARD_LIBRARIES = YES;
				BUNDLE_LOADER = "$(TEST_HOST)";
				CODE_SIGN_STYLE = Automatic;
				CURRENT_PROJECT_VERSION = 1;
				DEVELOPMENT_TEAM = 3XYTQQG9R5;
				GENERATE_INFOPLIST_FILE = YES;
				IPHONEOS_DEPLOYMENT_TARGET = 15.4;
				MARKETING_VERSION = 1.0;
				PRODUCT_BUNDLE_IDENTIFIER = com.pancholii.ChampionTests;
				PRODUCT_NAME = "$(TARGET_NAME)";
				SWIFT_EMIT_LOC_STRINGS = NO;
				SWIFT_VERSION = 5.0;
				TARGETED_DEVICE_FAMILY = "1,2";
				TEST_HOST = "$(BUILT_PRODUCTS_DIR)/Champion.app/Champion";
			};
			name = Debug;
		};
		D861879E2878DC4900553E5D /* Release */ = {
			isa = XCBuildConfiguration;
			buildSettings = {
				ALWAYS_EMBED_SWIFT_STANDARD_LIBRARIES = YES;
				BUNDLE_LOADER = "$(TEST_HOST)";
				CODE_SIGN_STYLE = Automatic;
				CURRENT_PROJECT_VERSION = 1;
				DEVELOPMENT_TEAM = 3XYTQQG9R5;
				GENERATE_INFOPLIST_FILE = YES;
				IPHONEOS_DEPLOYMENT_TARGET = 15.4;
				MARKETING_VERSION = 1.0;
				PRODUCT_BUNDLE_IDENTIFIER = com.pancholii.ChampionTests;
				PRODUCT_NAME = "$(TARGET_NAME)";
				SWIFT_EMIT_LOC_STRINGS = NO;
				SWIFT_VERSION = 5.0;
				TARGETED_DEVICE_FAMILY = "1,2";
				TEST_HOST = "$(BUILT_PRODUCTS_DIR)/Champion.app/Champion";
			};
			name = Release;
		};
		D86187A02878DC4900553E5D /* Debug */ = {
			isa = XCBuildConfiguration;
			buildSettings = {
				ALWAYS_EMBED_SWIFT_STANDARD_LIBRARIES = YES;
				CODE_SIGN_STYLE = Automatic;
				CURRENT_PROJECT_VERSION = 1;
				DEVELOPMENT_TEAM = 3XYTQQG9R5;
				GENERATE_INFOPLIST_FILE = YES;
				MARKETING_VERSION = 1.0;
				PRODUCT_BUNDLE_IDENTIFIER = com.pancholii.ChampionUITests;
				PRODUCT_NAME = "$(TARGET_NAME)";
				SWIFT_EMIT_LOC_STRINGS = NO;
				SWIFT_VERSION = 5.0;
				TARGETED_DEVICE_FAMILY = "1,2";
				TEST_TARGET_NAME = Champion;
			};
			name = Debug;
		};
		D86187A12878DC4900553E5D /* Release */ = {
			isa = XCBuildConfiguration;
			buildSettings = {
				ALWAYS_EMBED_SWIFT_STANDARD_LIBRARIES = YES;
				CODE_SIGN_STYLE = Automatic;
				CURRENT_PROJECT_VERSION = 1;
				DEVELOPMENT_TEAM = 3XYTQQG9R5;
				GENERATE_INFOPLIST_FILE = YES;
				MARKETING_VERSION = 1.0;
				PRODUCT_BUNDLE_IDENTIFIER = com.pancholii.ChampionUITests;
				PRODUCT_NAME = "$(TARGET_NAME)";
				SWIFT_EMIT_LOC_STRINGS = NO;
				SWIFT_VERSION = 5.0;
				TARGETED_DEVICE_FAMILY = "1,2";
				TEST_TARGET_NAME = Champion;
			};
			name = Release;
		};
/* End XCBuildConfiguration section */

/* Begin XCConfigurationList section */
		D86187702878DC4800553E5D /* Build configuration list for PBXProject "Champion" */ = {
			isa = XCConfigurationList;
			buildConfigurations = (
				D86187972878DC4900553E5D /* Debug */,
				D86187982878DC4900553E5D /* Release */,
			);
			defaultConfigurationIsVisible = 0;
			defaultConfigurationName = Release;
		};
		D86187992878DC4900553E5D /* Build configuration list for PBXNativeTarget "Champion" */ = {
			isa = XCConfigurationList;
			buildConfigurations = (
				D861879A2878DC4900553E5D /* Debug */,
				D861879B2878DC4900553E5D /* Release */,
			);
			defaultConfigurationIsVisible = 0;
			defaultConfigurationName = Release;
		};
		D861879C2878DC4900553E5D /* Build configuration list for PBXNativeTarget "ChampionTests" */ = {
			isa = XCConfigurationList;
			buildConfigurations = (
				D861879D2878DC4900553E5D /* Debug */,
				D861879E2878DC4900553E5D /* Release */,
			);
			defaultConfigurationIsVisible = 0;
			defaultConfigurationName = Release;
		};
		D861879F2878DC4900553E5D /* Build configuration list for PBXNativeTarget "ChampionUITests" */ = {
			isa = XCConfigurationList;
			buildConfigurations = (
				D86187A02878DC4900553E5D /* Debug */,
				D86187A12878DC4900553E5D /* Release */,
			);
			defaultConfigurationIsVisible = 0;
			defaultConfigurationName = Release;
		};
/* End XCConfigurationList section */
	};
	rootObject = D861876D2878DC4800553E5D /* Project object */;
}
